// !$*UTF8*$!
{
	archiveVersion = 1;
	classes = {
	};
	objectVersion = 46;
	objects = {

/* Begin PBXBuildFile section */
		070776471ADDF53000617D26 /* AppDelegate.swift in Sources */ = {isa = PBXBuildFile; fileRef = 070776461ADDF53000617D26 /* AppDelegate.swift */; };
		0707764A1ADDF53000617D26 /* GuilhermeBisotto.xcdatamodeld in Sources */ = {isa = PBXBuildFile; fileRef = 070776481ADDF53000617D26 /* GuilhermeBisotto.xcdatamodeld */; };
		0707764C1ADDF53000617D26 /* ViewController.swift in Sources */ = {isa = PBXBuildFile; fileRef = 0707764B1ADDF53000617D26 /* ViewController.swift */; };
		0707764F1ADDF53000617D26 /* Main.storyboard in Resources */ = {isa = PBXBuildFile; fileRef = 0707764D1ADDF53000617D26 /* Main.storyboard */; };
		070776511ADDF53000617D26 /* Images.xcassets in Resources */ = {isa = PBXBuildFile; fileRef = 070776501ADDF53000617D26 /* Images.xcassets */; };
		070776541ADDF53000617D26 /* LaunchScreen.xib in Resources */ = {isa = PBXBuildFile; fileRef = 070776521ADDF53000617D26 /* LaunchScreen.xib */; };
		070776601ADDF53000617D26 /* GuilhermeBisottoTests.swift in Sources */ = {isa = PBXBuildFile; fileRef = 0707765F1ADDF53000617D26 /* GuilhermeBisottoTests.swift */; };
/* End PBXBuildFile section */

/* Begin PBXContainerItemProxy section */
		0707765A1ADDF53000617D26 /* PBXContainerItemProxy */ = {
			isa = PBXContainerItemProxy;
			containerPortal = 070776391ADDF53000617D26 /* Project object */;
			proxyType = 1;
			remoteGlobalIDString = 070776401ADDF53000617D26;
			remoteInfo = GuilhermeBisotto;
		};
/* End PBXContainerItemProxy section */

/* Begin PBXFileReference section */
		070776411ADDF53000617D26 /* GuilhermeBisotto.app */ = {isa = PBXFileReference; explicitFileType = wrapper.application; includeInIndex = 0; path = GuilhermeBisotto.app; sourceTree = BUILT_PRODUCTS_DIR; };
		070776451ADDF53000617D26 /* Info.plist */ = {isa = PBXFileReference; lastKnownFileType = text.plist.xml; path = Info.plist; sourceTree = "<group>"; };
		070776461ADDF53000617D26 /* AppDelegate.swift */ = {isa = PBXFileReference; lastKnownFileType = sourcecode.swift; path = AppDelegate.swift; sourceTree = "<group>"; };
		070776491ADDF53000617D26 /* GuilhermeBisotto.xcdatamodel */ = {isa = PBXFileReference; lastKnownFileType = wrapper.xcdatamodel; path = GuilhermeBisotto.xcdatamodel; sourceTree = "<group>"; };
		0707764B1ADDF53000617D26 /* ViewController.swift */ = {isa = PBXFileReference; lastKnownFileType = sourcecode.swift; path = ViewController.swift; sourceTree = "<group>"; };
		0707764E1ADDF53000617D26 /* Base */ = {isa = PBXFileReference; lastKnownFileType = file.storyboard; name = Base; path = Base.lproj/Main.storyboard; sourceTree = "<group>"; };
		070776501ADDF53000617D26 /* Images.xcassets */ = {isa = PBXFileReference; lastKnownFileType = folder.assetcatalog; path = Images.xcassets; sourceTree = "<group>"; };
		070776531ADDF53000617D26 /* Base */ = {isa = PBXFileReference; lastKnownFileType = file.xib; name = Base; path = Base.lproj/LaunchScreen.xib; sourceTree = "<group>"; };
		070776591ADDF53000617D26 /* GuilhermeBisottoTests.xctest */ = {isa = PBXFileReference; explicitFileType = wrapper.cfbundle; includeInIndex = 0; path = GuilhermeBisottoTests.xctest; sourceTree = BUILT_PRODUCTS_DIR; };
		0707765E1ADDF53000617D26 /* Info.plist */ = {isa = PBXFileReference; lastKnownFileType = text.plist.xml; path = Info.plist; sourceTree = "<group>"; };
		0707765F1ADDF53000617D26 /* GuilhermeBisottoTests.swift */ = {isa = PBXFileReference; lastKnownFileType = sourcecode.swift; path = GuilhermeBisottoTests.swift; sourceTree = "<group>"; };
/* End PBXFileReference section */

/* Begin PBXFrameworksBuildPhase section */
		0707763E1ADDF53000617D26 /* Frameworks */ = {
			isa = PBXFrameworksBuildPhase;
			buildActionMask = 2147483647;
			files = (
			);
			runOnlyForDeploymentPostprocessing = 0;
		};
		070776561ADDF53000617D26 /* Frameworks */ = {
			isa = PBXFrameworksBuildPhase;
			buildActionMask = 2147483647;
			files = (
			);
			runOnlyForDeploymentPostprocessing = 0;
		};
/* End PBXFrameworksBuildPhase section */

/* Begin PBXGroup section */
		070776381ADDF53000617D26 = {
			isa = PBXGroup;
			children = (
				070776431ADDF53000617D26 /* GuilhermeBisotto */,
				0707765C1ADDF53000617D26 /* GuilhermeBisottoTests */,
				070776421ADDF53000617D26 /* Products */,
			);
			sourceTree = "<group>";
		};
		070776421ADDF53000617D26 /* Products */ = {
			isa = PBXGroup;
			children = (
				070776411ADDF53000617D26 /* GuilhermeBisotto.app */,
				070776591ADDF53000617D26 /* GuilhermeBisottoTests.xctest */,
			);
			name = Products;
			sourceTree = "<group>";
		};
		070776431ADDF53000617D26 /* GuilhermeBisotto */ = {
			isa = PBXGroup;
			children = (
				070776461ADDF53000617D26 /* AppDelegate.swift */,
				0707764B1ADDF53000617D26 /* ViewController.swift */,
				0707764D1ADDF53000617D26 /* Main.storyboard */,
				070776501ADDF53000617D26 /* Images.xcassets */,
				070776521ADDF53000617D26 /* LaunchScreen.xib */,
				070776481ADDF53000617D26 /* GuilhermeBisotto.xcdatamodeld */,
				070776441ADDF53000617D26 /* Supporting Files */,
			);
			path = GuilhermeBisotto;
			sourceTree = "<group>";
		};
		070776441ADDF53000617D26 /* Supporting Files */ = {
			isa = PBXGroup;
			children = (
				070776451ADDF53000617D26 /* Info.plist */,
			);
			name = "Supporting Files";
			sourceTree = "<group>";
		};
		0707765C1ADDF53000617D26 /* GuilhermeBisottoTests */ = {
			isa = PBXGroup;
			children = (
				0707765F1ADDF53000617D26 /* GuilhermeBisottoTests.swift */,
				0707765D1ADDF53000617D26 /* Supporting Files */,
			);
			path = GuilhermeBisottoTests;
			sourceTree = "<group>";
		};
		0707765D1ADDF53000617D26 /* Supporting Files */ = {
			isa = PBXGroup;
			children = (
				0707765E1ADDF53000617D26 /* Info.plist */,
			);
			name = "Supporting Files";
			sourceTree = "<group>";
		};
/* End PBXGroup section */

/* Begin PBXNativeTarget section */
		070776401ADDF53000617D26 /* GuilhermeBisotto */ = {
			isa = PBXNativeTarget;
			buildConfigurationList = 070776631ADDF53000617D26 /* Build configuration list for PBXNativeTarget "GuilhermeBisotto" */;
			buildPhases = (
				0707763D1ADDF53000617D26 /* Sources */,
				0707763E1ADDF53000617D26 /* Frameworks */,
				0707763F1ADDF53000617D26 /* Resources */,
			);
			buildRules = (
			);
			dependencies = (
			);
			name = GuilhermeBisotto;
			productName = GuilhermeBisotto;
			productReference = 070776411ADDF53000617D26 /* GuilhermeBisotto.app */;
			productType = "com.apple.product-type.application";
		};
		070776581ADDF53000617D26 /* GuilhermeBisottoTests */ = {
			isa = PBXNativeTarget;
			buildConfigurationList = 070776661ADDF53000617D26 /* Build configuration list for PBXNativeTarget "GuilhermeBisottoTests" */;
			buildPhases = (
				070776551ADDF53000617D26 /* Sources */,
				070776561ADDF53000617D26 /* Frameworks */,
				070776571ADDF53000617D26 /* Resources */,
			);
			buildRules = (
			);
			dependencies = (
				0707765B1ADDF53000617D26 /* PBXTargetDependency */,
			);
			name = GuilhermeBisottoTests;
			productName = GuilhermeBisottoTests;
			productReference = 070776591ADDF53000617D26 /* GuilhermeBisottoTests.xctest */;
			productType = "com.apple.product-type.bundle.unit-test";
		};
/* End PBXNativeTarget section */

/* Begin PBXProject section */
		070776391ADDF53000617D26 /* Project object */ = {
			isa = PBXProject;
			attributes = {
				LastUpgradeCheck = 0630;
				ORGANIZATIONNAME = GuilhermeBisotto;
				TargetAttributes = {
					070776401ADDF53000617D26 = {
						CreatedOnToolsVersion = 6.3;
					};
					070776581ADDF53000617D26 = {
						CreatedOnToolsVersion = 6.3;
						TestTargetID = 070776401ADDF53000617D26;
					};
				};
			};
			buildConfigurationList = 0707763C1ADDF53000617D26 /* Build configuration list for PBXProject "GuilhermeBisotto" */;
			compatibilityVersion = "Xcode 3.2";
			developmentRegion = English;
			hasScannedForEncodings = 0;
			knownRegions = (
				en,
				Base,
			);
			mainGroup = 070776381ADDF53000617D26;
			productRefGroup = 070776421ADDF53000617D26 /* Products */;
			projectDirPath = "";
			projectRoot = "";
			targets = (
				070776401ADDF53000617D26 /* GuilhermeBisotto */,
				070776581ADDF53000617D26 /* GuilhermeBisottoTests */,
			);
		};
/* End PBXProject section */

/* Begin PBXResourcesBuildPhase section */
		0707763F1ADDF53000617D26 /* Resources */ = {
			isa = PBXResourcesBuildPhase;
			buildActionMask = 2147483647;
			files = (
				0707764F1ADDF53000617D26 /* Main.storyboard in Resources */,
				070776541ADDF53000617D26 /* LaunchScreen.xib in Resources */,
				070776511ADDF53000617D26 /* Images.xcassets in Resources */,
			);
			runOnlyForDeploymentPostprocessing = 0;
		};
		070776571ADDF53000617D26 /* Resources */ = {
			isa = PBXResourcesBuildPhase;
			buildActionMask = 2147483647;
			files = (
			);
			runOnlyForDeploymentPostprocessing = 0;
		};
/* End PBXResourcesBuildPhase section */

/* Begin PBXSourcesBuildPhase section */
		0707763D1ADDF53000617D26 /* Sources */ = {
			isa = PBXSourcesBuildPhase;
			buildActionMask = 2147483647;
			files = (
				0707764C1ADDF53000617D26 /* ViewController.swift in Sources */,
				070776471ADDF53000617D26 /* AppDelegate.swift in Sources */,
				0707764A1ADDF53000617D26 /* GuilhermeBisotto.xcdatamodeld in Sources */,
			);
			runOnlyForDeploymentPostprocessing = 0;
		};
		070776551ADDF53000617D26 /* Sources */ = {
			isa = PBXSourcesBuildPhase;
			buildActionMask = 2147483647;
			files = (
				070776601ADDF53000617D26 /* GuilhermeBisottoTests.swift in Sources */,
			);
			runOnlyForDeploymentPostprocessing = 0;
		};
/* End PBXSourcesBuildPhase section */

/* Begin PBXTargetDependency section */
		0707765B1ADDF53000617D26 /* PBXTargetDependency */ = {
			isa = PBXTargetDependency;
			target = 070776401ADDF53000617D26 /* GuilhermeBisotto */;
			targetProxy = 0707765A1ADDF53000617D26 /* PBXContainerItemProxy */;
		};
/* End PBXTargetDependency section */

/* Begin PBXVariantGroup section */
		0707764D1ADDF53000617D26 /* Main.storyboard */ = {
			isa = PBXVariantGroup;
			children = (
				0707764E1ADDF53000617D26 /* Base */,
			);
			name = Main.storyboard;
			sourceTree = "<group>";
		};
		070776521ADDF53000617D26 /* LaunchScreen.xib */ = {
			isa = PBXVariantGroup;
			children = (
				070776531ADDF53000617D26 /* Base */,
			);
			name = LaunchScreen.xib;
			sourceTree = "<group>";
		};
/* End PBXVariantGroup section */

/* Begin XCBuildConfiguration section */
		070776611ADDF53000617D26 /* Debug */ = {
			isa = XCBuildConfiguration;
			buildSettings = {
				ALWAYS_SEARCH_USER_PATHS = NO;
				CLANG_CXX_LANGUAGE_STANDARD = "gnu++0x";
				CLANG_CXX_LIBRARY = "libc++";
				CLANG_ENABLE_MODULES = YES;
				CLANG_ENABLE_OBJC_ARC = YES;
				CLANG_WARN_BOOL_CONVERSION = YES;
				CLANG_WARN_CONSTANT_CONVERSION = YES;
				CLANG_WARN_DIRECT_OBJC_ISA_USAGE = YES_ERROR;
				CLANG_WARN_EMPTY_BODY = YES;
				CLANG_WARN_ENUM_CONVERSION = YES;
				CLANG_WARN_INT_CONVERSION = YES;
				CLANG_WARN_OBJC_ROOT_CLASS = YES_ERROR;
				CLANG_WARN_UNREACHABLE_CODE = YES;
				CLANG_WARN__DUPLICATE_METHOD_MATCH = YES;
				"CODE_SIGN_IDENTITY[sdk=iphoneos*]" = "iPhone Developer";
				COPY_PHASE_STRIP = NO;
				DEBUG_INFORMATION_FORMAT = "dwarf-with-dsym";
				ENABLE_STRICT_OBJC_MSGSEND = YES;
				GCC_C_LANGUAGE_STANDARD = gnu99;
				GCC_DYNAMIC_NO_PIC = NO;
				GCC_NO_COMMON_BLOCKS = YES;
				GCC_OPTIMIZATION_LEVEL = 0;
				GCC_PREPROCESSOR_DEFINITIONS = (
					"DEBUG=1",
					"$(inherited)",
				);
				GCC_SYMBOLS_PRIVATE_EXTERN = NO;
				GCC_WARN_64_TO_32_BIT_CONVERSION = YES;
				GCC_WARN_ABOUT_RETURN_TYPE = YES_ERROR;
				GCC_WARN_UNDECLARED_SELECTOR = YES;
				GCC_WARN_UNINITIALIZED_AUTOS = YES_AGGRESSIVE;
				GCC_WARN_UNUSED_FUNCTION = YES;
				GCC_WARN_UNUSED_VARIABLE = YES;
				IPHONEOS_DEPLOYMENT_TARGET = 8.3;
				MTL_ENABLE_DEBUG_INFO = YES;
				ONLY_ACTIVE_ARCH = YES;
				SDKROOT = iphoneos;
				SWIFT_OPTIMIZATION_LEVEL = "-Onone";
				TARGETED_DEVICE_FAMILY = "1,2";
			};
			name = Debug;
		};
		070776621ADDF53000617D26 /* Release */ = {
			isa = XCBuildConfiguration;
			buildSettings = {
				ALWAYS_SEARCH_USER_PATHS = NO;
				CLANG_CXX_LANGUAGE_STANDARD = "gnu++0x";
				CLANG_CXX_LIBRARY = "libc++";
				CLANG_ENABLE_MODULES = YES;
				CLANG_ENABLE_OBJC_ARC = YES;
				CLANG_WARN_BOOL_CONVERSION = YES;
				CLANG_WARN_CONSTANT_CONVERSION = YES;
				CLANG_WARN_DIRECT_OBJC_ISA_USAGE = YES_ERROR;
				CLANG_WARN_EMPTY_BODY = YES;
				CLANG_WARN_ENUM_CONVERSION = YES;
				CLANG_WARN_INT_CONVERSION = YES;
				CLANG_WARN_OBJC_ROOT_CLASS = YES_ERROR;
				CLANG_WARN_UNREACHABLE_CODE = YES;
				CLANG_WARN__DUPLICATE_METHOD_MATCH = YES;
				"CODE_SIGN_IDENTITY[sdk=iphoneos*]" = "iPhone Developer";
				COPY_PHASE_STRIP = NO;
				DEBUG_INFORMATION_FORMAT = "dwarf-with-dsym";
				ENABLE_NS_ASSERTIONS = NO;
				ENABLE_STRICT_OBJC_MSGSEND = YES;
				GCC_C_LANGUAGE_STANDARD = gnu99;
				GCC_NO_COMMON_BLOCKS = YES;
				GCC_WARN_64_TO_32_BIT_CONVERSION = YES;
				GCC_WARN_ABOUT_RETURN_TYPE = YES_ERROR;
				GCC_WARN_UNDECLARED_SELECTOR = YES;
				GCC_WARN_UNINITIALIZED_AUTOS = YES_AGGRESSIVE;
				GCC_WARN_UNUSED_FUNCTION = YES;
				GCC_WARN_UNUSED_VARIABLE = YES;
				IPHONEOS_DEPLOYMENT_TARGET = 8.3;
				MTL_ENABLE_DEBUG_INFO = NO;
				SDKROOT = iphoneos;
				TARGETED_DEVICE_FAMILY = "1,2";
				VALIDATE_PRODUCT = YES;
			};
			name = Release;
		};
		070776641ADDF53000617D26 /* Debug */ = {
			isa = XCBuildConfiguration;
			buildSettings = {
				ASSETCATALOG_COMPILER_APPICON_NAME = AppIcon;
				INFOPLIST_FILE = GuilhermeBisotto/Info.plist;
				LD_RUNPATH_SEARCH_PATHS = "$(inherited) @executable_path/Frameworks";
				PRODUCT_NAME = "$(TARGET_NAME)";
			};
			name = Debug;
		};
		070776651ADDF53000617D26 /* Release */ = {
			isa = XCBuildConfiguration;
			buildSettings = {
				ASSETCATALOG_COMPILER_APPICON_NAME = AppIcon;
				INFOPLIST_FILE = GuilhermeBisotto/Info.plist;
				LD_RUNPATH_SEARCH_PATHS = "$(inherited) @executable_path/Frameworks";
				PRODUCT_NAME = "$(TARGET_NAME)";
			};
			name = Release;
		};
		070776671ADDF53000617D26 /* Debug */ = {
			isa = XCBuildConfiguration;
			buildSettings = {
				BUNDLE_LOADER = "$(TEST_HOST)";
				FRAMEWORK_SEARCH_PATHS = (
					"$(SDKROOT)/Developer/Library/Frameworks",
					"$(inherited)",
				);
				GCC_PREPROCESSOR_DEFINITIONS = (
					"DEBUG=1",
					"$(inherited)",
				);
				INFOPLIST_FILE = GuilhermeBisottoTests/Info.plist;
				LD_RUNPATH_SEARCH_PATHS = "$(inherited) @executable_path/Frameworks @loader_path/Frameworks";
				PRODUCT_NAME = "$(TARGET_NAME)";
				TEST_HOST = "$(BUILT_PRODUCTS_DIR)/GuilhermeBisotto.app/GuilhermeBisotto";
			};
			name = Debug;
		};
		070776681ADDF53000617D26 /* Release */ = {
			isa = XCBuildConfiguration;
			buildSettings = {
				BUNDLE_LOADER = "$(TEST_HOST)";
				FRAMEWORK_SEARCH_PATHS = (
					"$(SDKROOT)/Developer/Library/Frameworks",
					"$(inherited)",
				);
				INFOPLIST_FILE = GuilhermeBisottoTests/Info.plist;
				LD_RUNPATH_SEARCH_PATHS = "$(inherited) @executable_path/Frameworks @loader_path/Frameworks";
				PRODUCT_NAME = "$(TARGET_NAME)";
				TEST_HOST = "$(BUILT_PRODUCTS_DIR)/GuilhermeBisotto.app/GuilhermeBisotto";
			};
			name = Release;
		};
/* End XCBuildConfiguration section */

/* Begin XCConfigurationList section */
		0707763C1ADDF53000617D26 /* Build configuration list for PBXProject "GuilhermeBisotto" */ = {
			isa = XCConfigurationList;
			buildConfigurations = (
				070776611ADDF53000617D26 /* Debug */,
				070776621ADDF53000617D26 /* Release */,
			);
			defaultConfigurationIsVisible = 0;
			defaultConfigurationName = Release;
		};
		070776631ADDF53000617D26 /* Build configuration list for PBXNativeTarget "GuilhermeBisotto" */ = {
			isa = XCConfigurationList;
			buildConfigurations = (
				070776641ADDF53000617D26 /* Debug */,
				070776651ADDF53000617D26 /* Release */,
			);
			defaultConfigurationIsVisible = 0;
		};
		070776661ADDF53000617D26 /* Build configuration list for PBXNativeTarget "GuilhermeBisottoTests" */ = {
			isa = XCConfigurationList;
			buildConfigurations = (
				070776671ADDF53000617D26 /* Debug */,
				070776681ADDF53000617D26 /* Release */,
			);
			defaultConfigurationIsVisible = 0;
		};
/* End XCConfigurationList section */

/* Begin XCVersionGroup section */
		070776481ADDF53000617D26 /* GuilhermeBisotto.xcdatamodeld */ = {
			isa = XCVersionGroup;
			children = (
				070776491ADDF53000617D26 /* GuilhermeBisotto.xcdatamodel */,
			);
			currentVersion = 070776491ADDF53000617D26 /* GuilhermeBisotto.xcdatamodel */;
			path = GuilhermeBisotto.xcdatamodeld;
			sourceTree = "<group>";
			versionGroupType = wrapper.xcdatamodel;
		};
/* End XCVersionGroup section */
	};
	rootObject = 070776391ADDF53000617D26 /* Project object */;
}
